
Microsoft Visual Studio Solution File, Format Version 12.00
# Visual Studio Version 17
VisualStudioVersion = 17.3.32825.248
MinimumVisualStudioVersion = 10.0.40219.1
Project("{FAE04EC0-301F-11D3-BF4B-00C04F79EFBC}") = "hw6", "hw6\hw6.csproj", "{3F27EF8C-5DC2-45C0-938B-57902DD2D4E6}"
EndProject
Global
	GlobalSection(SolutionConfigurationPlatforms) = preSolution
		Debug|Any CPU = Debug|Any CPU
		Release|Any CPU = Release|Any CPU
	EndGlobalSection
	GlobalSection(ProjectConfigurationPlatforms) = postSolution
		{3F27EF8C-5DC2-45C0-938B-57902DD2D4E6}.Debug|Any CPU.ActiveCfg = Debug|Any CPU
		{3F27EF8C-5DC2-45C0-938B-57902DD2D4E6}.Debug|Any CPU.Build.0 = Debug|Any CPU
		{3F27EF8C-5DC2-45C0-938B-57902DD2D4E6}.Release|Any CPU.ActiveCfg = Release|Any CPU
		{3F27EF8C-5DC2-45C0-938B-57902DD2D4E6}.Release|Any CPU.Build.0 = Release|Any CPU
	EndGlobalSection
	GlobalSection(SolutionProperties) = preSolution
		HideSolutionNode = FALSE
	EndGlobalSection
	GlobalSection(ExtensibilityGlobals) = postSolution
		SolutionGuid = {C624827B-852B-4DDD-B23D-6C109DEDEA90}
	EndGlobalSection
EndGlobal
